// !$*UTF8*$!
{
	archiveVersion = 1;
	classes = {
	};
	objectVersion = 54;
	objects = {

/* Begin PBXBuildFile section */
		1CC92D51286B5E9900D46424 /* SpiceKeyDemo_SwiftUIApp.swift in Sources */ = {isa = PBXBuildFile; fileRef = 1CC92D50286B5E9900D46424 /* SpiceKeyDemo_SwiftUIApp.swift */; };
		1CC92D53286B5E9900D46424 /* ContentView.swift in Sources */ = {isa = PBXBuildFile; fileRef = 1CC92D52286B5E9900D46424 /* ContentView.swift */; };
		1CC92D55286B5E9900D46424 /* Assets.xcassets in Resources */ = {isa = PBXBuildFile; fileRef = 1CC92D54286B5E9900D46424 /* Assets.xcassets */; };
		1CC92D58286B5E9900D46424 /* Preview Assets.xcassets in Resources */ = {isa = PBXBuildFile; fileRef = 1CC92D57286B5E9900D46424 /* Preview Assets.xcassets */; };
		1CC92D5F286B5ED300D46424 /* SpiceKey in Frameworks */ = {isa = PBXBuildFile; productRef = 1CC92D5E286B5ED300D46424 /* SpiceKey */; };
		1CC92D6D28707D2C00D46424 /* AppDelegate.swift in Sources */ = {isa = PBXBuildFile; fileRef = 1CC92D6C28707D2C00D46424 /* AppDelegate.swift */; };
		1CC92D6F28707D2C00D46424 /* ViewController.swift in Sources */ = {isa = PBXBuildFile; fileRef = 1CC92D6E28707D2C00D46424 /* ViewController.swift */; };
		1CC92D7128707D2D00D46424 /* Assets.xcassets in Resources */ = {isa = PBXBuildFile; fileRef = 1CC92D7028707D2D00D46424 /* Assets.xcassets */; };
		1CC92D7428707D2D00D46424 /* Main.storyboard in Resources */ = {isa = PBXBuildFile; fileRef = 1CC92D7228707D2D00D46424 /* Main.storyboard */; };
		1CC92D7B2870919900D46424 /* SpiceKey in Frameworks */ = {isa = PBXBuildFile; productRef = 1CC92D7A2870919900D46424 /* SpiceKey */; };
/* End PBXBuildFile section */

/* Begin PBXFileReference section */
		1CC92D4E286B5E9900D46424 /* SpiceKeyDemo_SwiftUI.app */ = {isa = PBXFileReference; explicitFileType = wrapper.application; includeInIndex = 0; path = SpiceKeyDemo_SwiftUI.app; sourceTree = BUILT_PRODUCTS_DIR; };
		1CC92D50286B5E9900D46424 /* SpiceKeyDemo_SwiftUIApp.swift */ = {isa = PBXFileReference; lastKnownFileType = sourcecode.swift; path = SpiceKeyDemo_SwiftUIApp.swift; sourceTree = "<group>"; };
		1CC92D52286B5E9900D46424 /* ContentView.swift */ = {isa = PBXFileReference; lastKnownFileType = sourcecode.swift; path = ContentView.swift; sourceTree = "<group>"; };
		1CC92D54286B5E9900D46424 /* Assets.xcassets */ = {isa = PBXFileReference; lastKnownFileType = folder.assetcatalog; path = Assets.xcassets; sourceTree = "<group>"; };
		1CC92D57286B5E9900D46424 /* Preview Assets.xcassets */ = {isa = PBXFileReference; lastKnownFileType = folder.assetcatalog; path = "Preview Assets.xcassets"; sourceTree = "<group>"; };
		1CC92D59286B5E9900D46424 /* SpiceKeyDemo_SwiftUI.entitlements */ = {isa = PBXFileReference; lastKnownFileType = text.plist.entitlements; path = SpiceKeyDemo_SwiftUI.entitlements; sourceTree = "<group>"; };
		1CC92D6A28707D2C00D46424 /* SpiceKeyDemo_AppKit.app */ = {isa = PBXFileReference; explicitFileType = wrapper.application; includeInIndex = 0; path = SpiceKeyDemo_AppKit.app; sourceTree = BUILT_PRODUCTS_DIR; };
		1CC92D6C28707D2C00D46424 /* AppDelegate.swift */ = {isa = PBXFileReference; lastKnownFileType = sourcecode.swift; path = AppDelegate.swift; sourceTree = "<group>"; };
		1CC92D6E28707D2C00D46424 /* ViewController.swift */ = {isa = PBXFileReference; lastKnownFileType = sourcecode.swift; path = ViewController.swift; sourceTree = "<group>"; };
		1CC92D7028707D2D00D46424 /* Assets.xcassets */ = {isa = PBXFileReference; lastKnownFileType = folder.assetcatalog; path = Assets.xcassets; sourceTree = "<group>"; };
		1CC92D7328707D2D00D46424 /* Base */ = {isa = PBXFileReference; lastKnownFileType = file.storyboard; name = Base; path = Base.lproj/Main.storyboard; sourceTree = "<group>"; };
		1CC92D7528707D2D00D46424 /* SpiceKeyDemo_AppKit.entitlements */ = {isa = PBXFileReference; lastKnownFileType = text.plist.entitlements; path = SpiceKeyDemo_AppKit.entitlements; sourceTree = "<group>"; };
		1CC92D7E2872AAF300D46424 /* SpiceKey */ = {isa = PBXFileReference; lastKnownFileType = wrapper; name = SpiceKey; path = ..; sourceTree = "<group>"; };
/* End PBXFileReference section */

/* Begin PBXFrameworksBuildPhase section */
		1CC92D4B286B5E9900D46424 /* Frameworks */ = {
			isa = PBXFrameworksBuildPhase;
			buildActionMask = 2147483647;
			files = (
				1CC92D5F286B5ED300D46424 /* SpiceKey in Frameworks */,
			);
			runOnlyForDeploymentPostprocessing = 0;
		};
		1CC92D6728707D2C00D46424 /* Frameworks */ = {
			isa = PBXFrameworksBuildPhase;
			buildActionMask = 2147483647;
			files = (
				1CC92D7B2870919900D46424 /* SpiceKey in Frameworks */,
			);
			runOnlyForDeploymentPostprocessing = 0;
		};
/* End PBXFrameworksBuildPhase section */

/* Begin PBXGroup section */
		1C22C6C22581C4A00080C525 = {
			isa = PBXGroup;
			children = (
				1CC92D47286B5DA900D46424 /* Packages */,
				1CC92D6B28707D2C00D46424 /* SpiceKeyDemo_AppKit */,
				1CC92D4F286B5E9900D46424 /* SpiceKeyDemo_SwiftUI */,
				1C22C6CC2581C4A00080C525 /* Products */,
				1CC92D5D286B5ED300D46424 /* Frameworks */,
			);
			sourceTree = "<group>";
		};
		1C22C6CC2581C4A00080C525 /* Products */ = {
			isa = PBXGroup;
			children = (
				1CC92D4E286B5E9900D46424 /* SpiceKeyDemo_SwiftUI.app */,
				1CC92D6A28707D2C00D46424 /* SpiceKeyDemo_AppKit.app */,
			);
			name = Products;
			sourceTree = "<group>";
		};
		1CC92D47286B5DA900D46424 /* Packages */ = {
			isa = PBXGroup;
			children = (
				1CC92D7E2872AAF300D46424 /* SpiceKey */,
			);
			name = Packages;
			sourceTree = "<group>";
		};
		1CC92D4F286B5E9900D46424 /* SpiceKeyDemo_SwiftUI */ = {
			isa = PBXGroup;
			children = (
				1CC92D50286B5E9900D46424 /* SpiceKeyDemo_SwiftUIApp.swift */,
				1CC92D52286B5E9900D46424 /* ContentView.swift */,
				1CC92D54286B5E9900D46424 /* Assets.xcassets */,
				1CC92D59286B5E9900D46424 /* SpiceKeyDemo_SwiftUI.entitlements */,
				1CC92D56286B5E9900D46424 /* Preview Content */,
			);
			path = SpiceKeyDemo_SwiftUI;
			sourceTree = "<group>";
		};
		1CC92D56286B5E9900D46424 /* Preview Content */ = {
			isa = PBXGroup;
			children = (
				1CC92D57286B5E9900D46424 /* Preview Assets.xcassets */,
			);
			path = "Preview Content";
			sourceTree = "<group>";
		};
		1CC92D5D286B5ED300D46424 /* Frameworks */ = {
			isa = PBXGroup;
			children = (
			);
			name = Frameworks;
			sourceTree = "<group>";
		};
		1CC92D6B28707D2C00D46424 /* SpiceKeyDemo_AppKit */ = {
			isa = PBXGroup;
			children = (
				1CC92D6C28707D2C00D46424 /* AppDelegate.swift */,
				1CC92D6E28707D2C00D46424 /* ViewController.swift */,
				1CC92D7028707D2D00D46424 /* Assets.xcassets */,
				1CC92D7228707D2D00D46424 /* Main.storyboard */,
				1CC92D7528707D2D00D46424 /* SpiceKeyDemo_AppKit.entitlements */,
			);
			path = SpiceKeyDemo_AppKit;
			sourceTree = "<group>";
		};
/* End PBXGroup section */

/* Begin PBXNativeTarget section */
		1CC92D4D286B5E9900D46424 /* SpiceKeyDemo_SwiftUI */ = {
			isa = PBXNativeTarget;
			buildConfigurationList = 1CC92D5A286B5E9900D46424 /* Build configuration list for PBXNativeTarget "SpiceKeyDemo_SwiftUI" */;
			buildPhases = (
				1CC92D4A286B5E9900D46424 /* Sources */,
				1CC92D4B286B5E9900D46424 /* Frameworks */,
				1CC92D4C286B5E9900D46424 /* Resources */,
			);
			buildRules = (
			);
			dependencies = (
			);
			name = SpiceKeyDemo_SwiftUI;
			packageProductDependencies = (
				1CC92D5E286B5ED300D46424 /* SpiceKey */,
			);
			productName = SpiceKeyDemo_SwiftUI;
			productReference = 1CC92D4E286B5E9900D46424 /* SpiceKeyDemo_SwiftUI.app */;
			productType = "com.apple.product-type.application";
		};
		1CC92D6928707D2C00D46424 /* SpiceKeyDemo_AppKit */ = {
			isa = PBXNativeTarget;
			buildConfigurationList = 1CC92D7828707D2D00D46424 /* Build configuration list for PBXNativeTarget "SpiceKeyDemo_AppKit" */;
			buildPhases = (
				1CC92D6628707D2C00D46424 /* Sources */,
				1CC92D6728707D2C00D46424 /* Frameworks */,
				1CC92D6828707D2C00D46424 /* Resources */,
			);
			buildRules = (
			);
			dependencies = (
			);
			name = SpiceKeyDemo_AppKit;
			packageProductDependencies = (
				1CC92D7A2870919900D46424 /* SpiceKey */,
			);
			productName = SpiceKeyDemo_AppKit;
			productReference = 1CC92D6A28707D2C00D46424 /* SpiceKeyDemo_AppKit.app */;
			productType = "com.apple.product-type.application";
		};
/* End PBXNativeTarget section */

/* Begin PBXProject section */
		1C22C6C32581C4A00080C525 /* Project object */ = {
			isa = PBXProject;
			attributes = {
				BuildIndependentTargetsInParallel = YES;
				LastSwiftUpdateCheck = 1340;
				LastUpgradeCheck = 1500;
				TargetAttributes = {
					1CC92D4D286B5E9900D46424 = {
						CreatedOnToolsVersion = 13.4.1;
					};
					1CC92D6928707D2C00D46424 = {
						CreatedOnToolsVersion = 13.4.1;
					};
				};
			};
			buildConfigurationList = 1C22C6C62581C4A00080C525 /* Build configuration list for PBXProject "SpiceKeyDemo" */;
			compatibilityVersion = "Xcode 9.3";
			developmentRegion = en;
			hasScannedForEncodings = 0;
			knownRegions = (
				en,
				Base,
			);
			mainGroup = 1C22C6C22581C4A00080C525;
			packageReferences = (
			);
			productRefGroup = 1C22C6CC2581C4A00080C525 /* Products */;
			projectDirPath = "";
			projectRoot = "";
			targets = (
				1CC92D6928707D2C00D46424 /* SpiceKeyDemo_AppKit */,
				1CC92D4D286B5E9900D46424 /* SpiceKeyDemo_SwiftUI */,
			);
		};
/* End PBXProject section */

/* Begin PBXResourcesBuildPhase section */
		1CC92D4C286B5E9900D46424 /* Resources */ = {
			isa = PBXResourcesBuildPhase;
			buildActionMask = 2147483647;
			files = (
				1CC92D58286B5E9900D46424 /* Preview Assets.xcassets in Resources */,
				1CC92D55286B5E9900D46424 /* Assets.xcassets in Resources */,
			);
			runOnlyForDeploymentPostprocessing = 0;
		};
		1CC92D6828707D2C00D46424 /* Resources */ = {
			isa = PBXResourcesBuildPhase;
			buildActionMask = 2147483647;
			files = (
				1CC92D7128707D2D00D46424 /* Assets.xcassets in Resources */,
				1CC92D7428707D2D00D46424 /* Main.storyboard in Resources */,
			);
			runOnlyForDeploymentPostprocessing = 0;
		};
/* End PBXResourcesBuildPhase section */

/* Begin PBXSourcesBuildPhase section */
		1CC92D4A286B5E9900D46424 /* Sources */ = {
			isa = PBXSourcesBuildPhase;
			buildActionMask = 2147483647;
			files = (
				1CC92D53286B5E9900D46424 /* ContentView.swift in Sources */,
				1CC92D51286B5E9900D46424 /* SpiceKeyDemo_SwiftUIApp.swift in Sources */,
			);
			runOnlyForDeploymentPostprocessing = 0;
		};
		1CC92D6628707D2C00D46424 /* Sources */ = {
			isa = PBXSourcesBuildPhase;
			buildActionMask = 2147483647;
			files = (
				1CC92D6F28707D2C00D46424 /* ViewController.swift in Sources */,
				1CC92D6D28707D2C00D46424 /* AppDelegate.swift in Sources */,
			);
			runOnlyForDeploymentPostprocessing = 0;
		};
/* End PBXSourcesBuildPhase section */

/* Begin PBXVariantGroup section */
		1CC92D7228707D2D00D46424 /* Main.storyboard */ = {
			isa = PBXVariantGroup;
			children = (
				1CC92D7328707D2D00D46424 /* Base */,
			);
			name = Main.storyboard;
			sourceTree = "<group>";
		};
/* End PBXVariantGroup section */

/* Begin XCBuildConfiguration section */
		1C22C6D92581C4A30080C525 /* Debug */ = {
			isa = XCBuildConfiguration;
			buildSettings = {
				ALWAYS_SEARCH_USER_PATHS = NO;
				CLANG_ANALYZER_NONNULL = YES;
				CLANG_ANALYZER_NUMBER_OBJECT_CONVERSION = YES_AGGRESSIVE;
				CLANG_CXX_LANGUAGE_STANDARD = "gnu++14";
				CLANG_CXX_LIBRARY = "libc++";
				CLANG_ENABLE_MODULES = YES;
				CLANG_ENABLE_OBJC_ARC = YES;
				CLANG_ENABLE_OBJC_WEAK = YES;
				CLANG_WARN_BLOCK_CAPTURE_AUTORELEASING = YES;
				CLANG_WARN_BOOL_CONVERSION = YES;
				CLANG_WARN_COMMA = YES;
				CLANG_WARN_CONSTANT_CONVERSION = YES;
				CLANG_WARN_DEPRECATED_OBJC_IMPLEMENTATIONS = YES;
				CLANG_WARN_DIRECT_OBJC_ISA_USAGE = YES_ERROR;
				CLANG_WARN_DOCUMENTATION_COMMENTS = YES;
				CLANG_WARN_EMPTY_BODY = YES;
				CLANG_WARN_ENUM_CONVERSION = YES;
				CLANG_WARN_INFINITE_RECURSION = YES;
				CLANG_WARN_INT_CONVERSION = YES;
				CLANG_WARN_NON_LITERAL_NULL_CONVERSION = YES;
				CLANG_WARN_OBJC_IMPLICIT_RETAIN_SELF = YES;
				CLANG_WARN_OBJC_LITERAL_CONVERSION = YES;
				CLANG_WARN_OBJC_ROOT_CLASS = YES_ERROR;
				CLANG_WARN_QUOTED_INCLUDE_IN_FRAMEWORK_HEADER = YES;
				CLANG_WARN_RANGE_LOOP_ANALYSIS = YES;
				CLANG_WARN_STRICT_PROTOTYPES = YES;
				CLANG_WARN_SUSPICIOUS_MOVE = YES;
				CLANG_WARN_UNGUARDED_AVAILABILITY = YES_AGGRESSIVE;
				CLANG_WARN_UNREACHABLE_CODE = YES;
				CLANG_WARN__DUPLICATE_METHOD_MATCH = YES;
				COPY_PHASE_STRIP = NO;
				DEAD_CODE_STRIPPING = YES;
				DEBUG_INFORMATION_FORMAT = dwarf;
				ENABLE_STRICT_OBJC_MSGSEND = YES;
				ENABLE_TESTABILITY = YES;
				ENABLE_USER_SCRIPT_SANDBOXING = YES;
				GCC_C_LANGUAGE_STANDARD = gnu11;
				GCC_DYNAMIC_NO_PIC = NO;
				GCC_NO_COMMON_BLOCKS = YES;
				GCC_OPTIMIZATION_LEVEL = 0;
				GCC_PREPROCESSOR_DEFINITIONS = (
					"DEBUG=1",
					"$(inherited)",
				);
				GCC_WARN_64_TO_32_BIT_CONVERSION = YES;
				GCC_WARN_ABOUT_RETURN_TYPE = YES_ERROR;
				GCC_WARN_UNDECLARED_SELECTOR = YES;
				GCC_WARN_UNINITIALIZED_AUTOS = YES_AGGRESSIVE;
				GCC_WARN_UNUSED_FUNCTION = YES;
				GCC_WARN_UNUSED_VARIABLE = YES;
				MACOSX_DEPLOYMENT_TARGET = 11.0;
				MTL_ENABLE_DEBUG_INFO = INCLUDE_SOURCE;
				MTL_FAST_MATH = YES;
				ONLY_ACTIVE_ARCH = YES;
				SDKROOT = macosx;
				SWIFT_ACTIVE_COMPILATION_CONDITIONS = DEBUG;
				SWIFT_OPTIMIZATION_LEVEL = "-Onone";
			};
			name = Debug;
		};
		1C22C6DA2581C4A30080C525 /* Release */ = {
			isa = XCBuildConfiguration;
			buildSettings = {
				ALWAYS_SEARCH_USER_PATHS = NO;
				CLANG_ANALYZER_NONNULL = YES;
				CLANG_ANALYZER_NUMBER_OBJECT_CONVERSION = YES_AGGRESSIVE;
				CLANG_CXX_LANGUAGE_STANDARD = "gnu++14";
				CLANG_CXX_LIBRARY = "libc++";
				CLANG_ENABLE_MODULES = YES;
				CLANG_ENABLE_OBJC_ARC = YES;
				CLANG_ENABLE_OBJC_WEAK = YES;
				CLANG_WARN_BLOCK_CAPTURE_AUTORELEASING = YES;
				CLANG_WARN_BOOL_CONVERSION = YES;
				CLANG_WARN_COMMA = YES;
				CLANG_WARN_CONSTANT_CONVERSION = YES;
				CLANG_WARN_DEPRECATED_OBJC_IMPLEMENTATIONS = YES;
				CLANG_WARN_DIRECT_OBJC_ISA_USAGE = YES_ERROR;
				CLANG_WARN_DOCUMENTATION_COMMENTS = YES;
				CLANG_WARN_EMPTY_BODY = YES;
				CLANG_WARN_ENUM_CONVERSION = YES;
				CLANG_WARN_INFINITE_RECURSION = YES;
				CLANG_WARN_INT_CONVERSION = YES;
				CLANG_WARN_NON_LITERAL_NULL_CONVERSION = YES;
				CLANG_WARN_OBJC_IMPLICIT_RETAIN_SELF = YES;
				CLANG_WARN_OBJC_LITERAL_CONVERSION = YES;
				CLANG_WARN_OBJC_ROOT_CLASS = YES_ERROR;
				CLANG_WARN_QUOTED_INCLUDE_IN_FRAMEWORK_HEADER = YES;
				CLANG_WARN_RANGE_LOOP_ANALYSIS = YES;
				CLANG_WARN_STRICT_PROTOTYPES = YES;
				CLANG_WARN_SUSPICIOUS_MOVE = YES;
				CLANG_WARN_UNGUARDED_AVAILABILITY = YES_AGGRESSIVE;
				CLANG_WARN_UNREACHABLE_CODE = YES;
				CLANG_WARN__DUPLICATE_METHOD_MATCH = YES;
				COPY_PHASE_STRIP = NO;
				DEAD_CODE_STRIPPING = YES;
				DEBUG_INFORMATION_FORMAT = "dwarf-with-dsym";
				ENABLE_NS_ASSERTIONS = NO;
				ENABLE_STRICT_OBJC_MSGSEND = YES;
				ENABLE_USER_SCRIPT_SANDBOXING = YES;
				GCC_C_LANGUAGE_STANDARD = gnu11;
				GCC_NO_COMMON_BLOCKS = YES;
				GCC_WARN_64_TO_32_BIT_CONVERSION = YES;
				GCC_WARN_ABOUT_RETURN_TYPE = YES_ERROR;
				GCC_WARN_UNDECLARED_SELECTOR = YES;
				GCC_WARN_UNINITIALIZED_AUTOS = YES_AGGRESSIVE;
				GCC_WARN_UNUSED_FUNCTION = YES;
				GCC_WARN_UNUSED_VARIABLE = YES;
				MACOSX_DEPLOYMENT_TARGET = 11.0;
				MTL_ENABLE_DEBUG_INFO = NO;
				MTL_FAST_MATH = YES;
				SDKROOT = macosx;
				SWIFT_COMPILATION_MODE = wholemodule;
				SWIFT_OPTIMIZATION_LEVEL = "-O";
			};
			name = Release;
		};
		1CC92D5B286B5E9900D46424 /* Debug */ = {
			isa = XCBuildConfiguration;
			buildSettings = {
				ASSETCATALOG_COMPILER_APPICON_NAME = AppIcon;
				ASSETCATALOG_COMPILER_GLOBAL_ACCENT_COLOR_NAME = AccentColor;
				CLANG_CXX_LANGUAGE_STANDARD = "gnu++17";
				CODE_SIGN_ENTITLEMENTS = SpiceKeyDemo_SwiftUI/SpiceKeyDemo_SwiftUI.entitlements;
				CODE_SIGN_IDENTITY = "-";
				CODE_SIGN_STYLE = Automatic;
				COMBINE_HIDPI_IMAGES = YES;
				CURRENT_PROJECT_VERSION = 1;
				DEAD_CODE_STRIPPING = YES;
				DEVELOPMENT_ASSET_PATHS = "\"SpiceKeyDemo_SwiftUI/Preview Content\"";
				DEVELOPMENT_TEAM = VJ5N2X84K8;
				ENABLE_HARDENED_RUNTIME = YES;
				ENABLE_PREVIEWS = YES;
				GENERATE_INFOPLIST_FILE = YES;
				INFOPLIST_KEY_NSHumanReadableCopyright = "";
				LD_RUNPATH_SEARCH_PATHS = (
					"$(inherited)",
					"@executable_path/../Frameworks",
				);
				MACOSX_DEPLOYMENT_TARGET = 12.0;
				MARKETING_VERSION = 1.0;
				PRODUCT_BUNDLE_IDENTIFIER = "com.kyome.SpiceKeyDemo-SwiftUI";
				PRODUCT_NAME = "$(TARGET_NAME)";
				SWIFT_EMIT_LOC_STRINGS = YES;
				SWIFT_VERSION = 5.0;
			};
			name = Debug;
		};
		1CC92D5C286B5E9900D46424 /* Release */ = {
			isa = XCBuildConfiguration;
			buildSettings = {
				ASSETCATALOG_COMPILER_APPICON_NAME = AppIcon;
				ASSETCATALOG_COMPILER_GLOBAL_ACCENT_COLOR_NAME = AccentColor;
				CLANG_CXX_LANGUAGE_STANDARD = "gnu++17";
				CODE_SIGN_ENTITLEMENTS = SpiceKeyDemo_SwiftUI/SpiceKeyDemo_SwiftUI.entitlements;
				CODE_SIGN_IDENTITY = "-";
				CODE_SIGN_STYLE = Automatic;
				COMBINE_HIDPI_IMAGES = YES;
				CURRENT_PROJECT_VERSION = 1;
				DEAD_CODE_STRIPPING = YES;
				DEVELOPMENT_ASSET_PATHS = "\"SpiceKeyDemo_SwiftUI/Preview Content\"";
				DEVELOPMENT_TEAM = VJ5N2X84K8;
				ENABLE_HARDENED_RUNTIME = YES;
				ENABLE_PREVIEWS = YES;
				GENERATE_INFOPLIST_FILE = YES;
				INFOPLIST_KEY_NSHumanReadableCopyright = "";
				LD_RUNPATH_SEARCH_PATHS = (
					"$(inherited)",
					"@executable_path/../Frameworks",
				);
				MACOSX_DEPLOYMENT_TARGET = 12.0;
				MARKETING_VERSION = 1.0;
				PRODUCT_BUNDLE_IDENTIFIER = "com.kyome.SpiceKeyDemo-SwiftUI";
				PRODUCT_NAME = "$(TARGET_NAME)";
				SWIFT_EMIT_LOC_STRINGS = YES;
				SWIFT_VERSION = 5.0;
			};
			name = Release;
		};
		1CC92D7628707D2D00D46424 /* Debug */ = {
			isa = XCBuildConfiguration;
			buildSettings = {
				ASSETCATALOG_COMPILER_APPICON_NAME = AppIcon;
				ASSETCATALOG_COMPILER_GLOBAL_ACCENT_COLOR_NAME = AccentColor;
				CLANG_CXX_LANGUAGE_STANDARD = "gnu++17";
				CODE_SIGN_ENTITLEMENTS = SpiceKeyDemo_AppKit/SpiceKeyDemo_AppKit.entitlements;
				CODE_SIGN_STYLE = Automatic;
				COMBINE_HIDPI_IMAGES = YES;
				CURRENT_PROJECT_VERSION = 1;
				DEAD_CODE_STRIPPING = YES;
				DEVELOPMENT_TEAM = VJ5N2X84K8;
				ENABLE_HARDENED_RUNTIME = YES;
				GENERATE_INFOPLIST_FILE = YES;
				INFOPLIST_KEY_NSHumanReadableCopyright = "";
				INFOPLIST_KEY_NSMainStoryboardFile = Main;
				INFOPLIST_KEY_NSPrincipalClass = NSApplication;
				LD_RUNPATH_SEARCH_PATHS = (
					"$(inherited)",
					"@executable_path/../Frameworks",
				);
				MARKETING_VERSION = 1.0;
				PRODUCT_BUNDLE_IDENTIFIER = "com.kyome.SpiceKeyDemo-AppKit";
				PRODUCT_NAME = "$(TARGET_NAME)";
				SWIFT_EMIT_LOC_STRINGS = YES;
				SWIFT_VERSION = 5.0;
			};
			name = Debug;
		};
		1CC92D7728707D2D00D46424 /* Release */ = {
			isa = XCBuildConfiguration;
			buildSettings = {
				ASSETCATALOG_COMPILER_APPICON_NAME = AppIcon;
				ASSETCATALOG_COMPILER_GLOBAL_ACCENT_COLOR_NAME = AccentColor;
				CLANG_CXX_LANGUAGE_STANDARD = "gnu++17";
				CODE_SIGN_ENTITLEMENTS = SpiceKeyDemo_AppKit/SpiceKeyDemo_AppKit.entitlements;
				CODE_SIGN_STYLE = Automatic;
				COMBINE_HIDPI_IMAGES = YES;
				CURRENT_PROJECT_VERSION = 1;
				DEAD_CODE_STRIPPING = YES;
				DEVELOPMENT_TEAM = VJ5N2X84K8;
				ENABLE_HARDENED_RUNTIME = YES;
				GENERATE_INFOPLIST_FILE = YES;
				INFOPLIST_KEY_NSHumanReadableCopyright = "";
				INFOPLIST_KEY_NSMainStoryboardFile = Main;
				INFOPLIST_KEY_NSPrincipalClass = NSApplication;
				LD_RUNPATH_SEARCH_PATHS = (
					"$(inherited)",
					"@executable_path/../Frameworks",
				);
				MARKETING_VERSION = 1.0;
				PRODUCT_BUNDLE_IDENTIFIER = "com.kyome.SpiceKeyDemo-AppKit";
				PRODUCT_NAME = "$(TARGET_NAME)";
				SWIFT_EMIT_LOC_STRINGS = YES;
				SWIFT_VERSION = 5.0;
			};
			name = Release;
		};
/* End XCBuildConfiguration section */

/* Begin XCConfigurationList section */
		1C22C6C62581C4A00080C525 /* Build configuration list for PBXProject "SpiceKeyDemo" */ = {
			isa = XCConfigurationList;
			buildConfigurations = (
				1C22C6D92581C4A30080C525 /* Debug */,
				1C22C6DA2581C4A30080C525 /* Release */,
			);
			defaultConfigurationIsVisible = 0;
			defaultConfigurationName = Release;
		};
		1CC92D5A286B5E9900D46424 /* Build configuration list for PBXNativeTarget "SpiceKeyDemo_SwiftUI" */ = {
			isa = XCConfigurationList;
			buildConfigurations = (
				1CC92D5B286B5E9900D46424 /* Debug */,
				1CC92D5C286B5E9900D46424 /* Release */,
			);
			defaultConfigurationIsVisible = 0;
			defaultConfigurationName = Release;
		};
		1CC92D7828707D2D00D46424 /* Build configuration list for PBXNativeTarget "SpiceKeyDemo_AppKit" */ = {
			isa = XCConfigurationList;
			buildConfigurations = (
				1CC92D7628707D2D00D46424 /* Debug */,
				1CC92D7728707D2D00D46424 /* Release */,
			);
			defaultConfigurationIsVisible = 0;
			defaultConfigurationName = Release;
		};
/* End XCConfigurationList section */

/* Begin XCSwiftPackageProductDependency section */
		1CC92D5E286B5ED300D46424 /* SpiceKey */ = {
			isa = XCSwiftPackageProductDependency;
			productName = SpiceKey;
		};
		1CC92D7A2870919900D46424 /* SpiceKey */ = {
			isa = XCSwiftPackageProductDependency;
			productName = SpiceKey;
		};
/* End XCSwiftPackageProductDependency section */
	};
	rootObject = 1C22C6C32581C4A00080C525 /* Project object */;
}
