{
  "object": {
    "pins": [
      {
        "package": "SpiceKey",
        "repositoryURL": "https://github.com/Kyome22/SpiceKey",
        "state": {
          "branch": "master",
          "revision": "8ae5843551e8f651fe8baf2ec262a18356d73c86",
          "version": null
        }
      }
    ]
  },
  "version": 1
}
